
Microsoft Visual Studio Solution File, Format Version 11.00
# Visual C++ Express 2010
Project("{8BC9CEB8-8B4A-11D0-8D11-00A0C91BC942}") = "PeParse", "PeParse\PeParse.vcxproj", "{08BB690D-A7CC-4F9E-A057-72F92EED7F7D}"
EndProject
Global
	GlobalSection(SolutionConfigurationPlatforms) = preSolution
		Debug|Win32 = Debug|Win32
		Release|Win32 = Release|Win32
	EndGlobalSection
	GlobalSection(ProjectConfigurationPlatforms) = postSolution
		{08BB690D-A7CC-4F9E-A057-72F92EED7F7D}.Debug|Win32.ActiveCfg = Debug|Win32
		{08BB690D-A7CC-4F9E-A057-72F92EED7F7D}.Debug|Win32.Build.0 = Debug|Win32
		{08BB690D-A7CC-4F9E-A057-72F92EED7F7D}.Release|Win32.ActiveCfg = Release|Win32
		{08BB690D-A7CC-4F9E-A057-72F92EED7F7D}.Release|Win32.Build.0 = Release|Win32
	EndGlobalSection
	GlobalSection(SolutionProperties) = preSolution
		HideSolutionNode = FALSE
	EndGlobalSection
EndGlobal
